
Microsoft Visual Studio Solution File, Format Version 12.00
# Visual Studio Version 17
VisualStudioVersion = 17.11.35312.102
MinimumVisualStudioVersion = 10.0.40219.1
Project("{778DAE3C-4631-46EA-AA77-85C1314464D9}") = "VBCode", "VBCode\VBCode.vbproj", "{2C480CAB-D9AC-4CA8-9CDA-57CF97132782}"
EndProject
Project("{9A19103F-16F7-4668-BE54-9A1E7A4F7556}") = "CppCLIWPFCodeDOMRun", "CppCLIWPFCodeDOMRun\CppCLIWPFCodeDOMRun.csproj", "{060DB3ED-947D-411F-B178-6D9E71A654ED}"
EndProject
Project("{8BC9CEB8-8B4A-11D0-8D11-00A0C91BC942}") = "CppCLIWPFCodeDOM", "CppCLIWPFCodeDOM\CppCLIWPFCodeDOM.vcxproj", "{964536FA-6356-4390-B24F-A90306C24256}"
EndProject
Project("{FAE04EC0-301F-11D3-BF4B-00C04F79EFBC}") = "Lab5CL", "Lab5CL\Lab5CL.csproj", "{C413E34F-05C0-4824-8084-79C5389A8A76}"
EndProject
Global
	GlobalSection(SolutionConfigurationPlatforms) = preSolution
		Debug|Any CPU = Debug|Any CPU
		Debug|x64 = Debug|x64
		Debug|x86 = Debug|x86
		Release|Any CPU = Release|Any CPU
		Release|x64 = Release|x64
		Release|x86 = Release|x86
	EndGlobalSection
	GlobalSection(ProjectConfigurationPlatforms) = postSolution
		{2C480CAB-D9AC-4CA8-9CDA-57CF97132782}.Debug|Any CPU.ActiveCfg = Debug|Any CPU
		{2C480CAB-D9AC-4CA8-9CDA-57CF97132782}.Debug|Any CPU.Build.0 = Debug|Any CPU
		{2C480CAB-D9AC-4CA8-9CDA-57CF97132782}.Debug|x64.ActiveCfg = Debug|Any CPU
		{2C480CAB-D9AC-4CA8-9CDA-57CF97132782}.Debug|x64.Build.0 = Debug|Any CPU
		{2C480CAB-D9AC-4CA8-9CDA-57CF97132782}.Debug|x86.ActiveCfg = Debug|Any CPU
		{2C480CAB-D9AC-4CA8-9CDA-57CF97132782}.Debug|x86.Build.0 = Debug|Any CPU
		{2C480CAB-D9AC-4CA8-9CDA-57CF97132782}.Release|Any CPU.ActiveCfg = Release|Any CPU
		{2C480CAB-D9AC-4CA8-9CDA-57CF97132782}.Release|Any CPU.Build.0 = Release|Any CPU
		{2C480CAB-D9AC-4CA8-9CDA-57CF97132782}.Release|x64.ActiveCfg = Release|Any CPU
		{2C480CAB-D9AC-4CA8-9CDA-57CF97132782}.Release|x64.Build.0 = Release|Any CPU
		{2C480CAB-D9AC-4CA8-9CDA-57CF97132782}.Release|x86.ActiveCfg = Release|Any CPU
		{2C480CAB-D9AC-4CA8-9CDA-57CF97132782}.Release|x86.Build.0 = Release|Any CPU
		{060DB3ED-947D-411F-B178-6D9E71A654ED}.Debug|Any CPU.ActiveCfg = Debug|Any CPU
		{060DB3ED-947D-411F-B178-6D9E71A654ED}.Debug|Any CPU.Build.0 = Debug|Any CPU
		{060DB3ED-947D-411F-B178-6D9E71A654ED}.Debug|x64.ActiveCfg = Debug|Any CPU
		{060DB3ED-947D-411F-B178-6D9E71A654ED}.Debug|x64.Build.0 = Debug|Any CPU
		{060DB3ED-947D-411F-B178-6D9E71A654ED}.Debug|x86.ActiveCfg = Debug|Any CPU
		{060DB3ED-947D-411F-B178-6D9E71A654ED}.Debug|x86.Build.0 = Debug|Any CPU
		{060DB3ED-947D-411F-B178-6D9E71A654ED}.Release|Any CPU.ActiveCfg = Release|Any CPU
		{060DB3ED-947D-411F-B178-6D9E71A654ED}.Release|Any CPU.Build.0 = Release|Any CPU
		{060DB3ED-947D-411F-B178-6D9E71A654ED}.Release|x64.ActiveCfg = Release|Any CPU
		{060DB3ED-947D-411F-B178-6D9E71A654ED}.Release|x64.Build.0 = Release|Any CPU
		{060DB3ED-947D-411F-B178-6D9E71A654ED}.Release|x86.ActiveCfg = Release|Any CPU
		{060DB3ED-947D-411F-B178-6D9E71A654ED}.Release|x86.Build.0 = Release|Any CPU
		{964536FA-6356-4390-B24F-A90306C24256}.Debug|Any CPU.ActiveCfg = Debug|x64
		{964536FA-6356-4390-B24F-A90306C24256}.Debug|Any CPU.Build.0 = Debug|x64
		{964536FA-6356-4390-B24F-A90306C24256}.Debug|x64.ActiveCfg = Debug|x64
		{964536FA-6356-4390-B24F-A90306C24256}.Debug|x64.Build.0 = Debug|x64
		{964536FA-6356-4390-B24F-A90306C24256}.Debug|x86.ActiveCfg = Debug|Win32
		{964536FA-6356-4390-B24F-A90306C24256}.Debug|x86.Build.0 = Debug|Win32
		{964536FA-6356-4390-B24F-A90306C24256}.Release|Any CPU.ActiveCfg = Release|x64
		{964536FA-6356-4390-B24F-A90306C24256}.Release|Any CPU.Build.0 = Release|x64
		{964536FA-6356-4390-B24F-A90306C24256}.Release|x64.ActiveCfg = Release|x64
		{964536FA-6356-4390-B24F-A90306C24256}.Release|x64.Build.0 = Release|x64
		{964536FA-6356-4390-B24F-A90306C24256}.Release|x86.ActiveCfg = Release|Win32
		{964536FA-6356-4390-B24F-A90306C24256}.Release|x86.Build.0 = Release|Win32
		{C413E34F-05C0-4824-8084-79C5389A8A76}.Debug|Any CPU.ActiveCfg = Debug|Any CPU
		{C413E34F-05C0-4824-8084-79C5389A8A76}.Debug|Any CPU.Build.0 = Debug|Any CPU
		{C413E34F-05C0-4824-8084-79C5389A8A76}.Debug|x64.ActiveCfg = Debug|Any CPU
		{C413E34F-05C0-4824-8084-79C5389A8A76}.Debug|x64.Build.0 = Debug|Any CPU
		{C413E34F-05C0-4824-8084-79C5389A8A76}.Debug|x86.ActiveCfg = Debug|Any CPU
		{C413E34F-05C0-4824-8084-79C5389A8A76}.Debug|x86.Build.0 = Debug|Any CPU
		{C413E34F-05C0-4824-8084-79C5389A8A76}.Release|Any CPU.ActiveCfg = Release|Any CPU
		{C413E34F-05C0-4824-8084-79C5389A8A76}.Release|Any CPU.Build.0 = Release|Any CPU
		{C413E34F-05C0-4824-8084-79C5389A8A76}.Release|x64.ActiveCfg = Release|Any CPU
		{C413E34F-05C0-4824-8084-79C5389A8A76}.Release|x64.Build.0 = Release|Any CPU
		{C413E34F-05C0-4824-8084-79C5389A8A76}.Release|x86.ActiveCfg = Release|Any CPU
		{C413E34F-05C0-4824-8084-79C5389A8A76}.Release|x86.Build.0 = Release|Any CPU
	EndGlobalSection
	GlobalSection(SolutionProperties) = preSolution
		HideSolutionNode = FALSE
	EndGlobalSection
	GlobalSection(ExtensibilityGlobals) = postSolution
		SolutionGuid = {D10F8BE7-3712-44D0-A278-B87CEEFC1992}
	EndGlobalSection
EndGlobal
